// !$*UTF8*$!
{
	archiveVersion = 1;
	classes = {
	};
	objectVersion = 50;
	objects = {

/* Begin PBXBuildFile section */
		AD49BF832699A367005DAB7E /* AppDelegate.swift in Sources */ = {isa = PBXBuildFile; fileRef = AD49BF822699A367005DAB7E /* AppDelegate.swift */; };
		AD49BF852699A367005DAB7E /* SceneDelegate.swift in Sources */ = {isa = PBXBuildFile; fileRef = AD49BF842699A367005DAB7E /* SceneDelegate.swift */; };
		AD49BF872699A367005DAB7E /* ViewController.swift in Sources */ = {isa = PBXBuildFile; fileRef = AD49BF862699A367005DAB7E /* ViewController.swift */; };
		AD49BF8A2699A367005DAB7E /* Main.storyboard in Resources */ = {isa = PBXBuildFile; fileRef = AD49BF882699A367005DAB7E /* Main.storyboard */; };
		AD49BF8C2699A367005DAB7E /* Assets.xcassets in Resources */ = {isa = PBXBuildFile; fileRef = AD49BF8B2699A367005DAB7E /* Assets.xcassets */; };
		AD49BF8F2699A367005DAB7E /* LaunchScreen.storyboard in Resources */ = {isa = PBXBuildFile; fileRef = AD49BF8D2699A367005DAB7E /* LaunchScreen.storyboard */; };
		AD49BF9D2699A618005DAB7E /* 03.png in Resources */ = {isa = PBXBuildFile; fileRef = AD49BF972699A617005DAB7E /* 03.png */; };
		AD49BF9E2699A618005DAB7E /* 05.png in Resources */ = {isa = PBXBuildFile; fileRef = AD49BF982699A618005DAB7E /* 05.png */; };
		AD49BF9F2699A618005DAB7E /* 06.png in Resources */ = {isa = PBXBuildFile; fileRef = AD49BF992699A618005DAB7E /* 06.png */; };
		AD49BFA02699A618005DAB7E /* 01.png in Resources */ = {isa = PBXBuildFile; fileRef = AD49BF9A2699A618005DAB7E /* 01.png */; };
		AD49BFA12699A618005DAB7E /* 04.png in Resources */ = {isa = PBXBuildFile; fileRef = AD49BF9B2699A618005DAB7E /* 04.png */; };
		AD49BFA22699A618005DAB7E /* 02.png in Resources */ = {isa = PBXBuildFile; fileRef = AD49BF9C2699A618005DAB7E /* 02.png */; };
/* End PBXBuildFile section */

/* Begin PBXFileReference section */
		AD49BF7F2699A367005DAB7E /* SwipeImageGallery.app */ = {isa = PBXFileReference; explicitFileType = wrapper.application; includeInIndex = 0; path = SwipeImageGallery.app; sourceTree = BUILT_PRODUCTS_DIR; };
		AD49BF822699A367005DAB7E /* AppDelegate.swift */ = {isa = PBXFileReference; lastKnownFileType = sourcecode.swift; path = AppDelegate.swift; sourceTree = "<group>"; };
		AD49BF842699A367005DAB7E /* SceneDelegate.swift */ = {isa = PBXFileReference; lastKnownFileType = sourcecode.swift; path = SceneDelegate.swift; sourceTree = "<group>"; };
		AD49BF862699A367005DAB7E /* ViewController.swift */ = {isa = PBXFileReference; lastKnownFileType = sourcecode.swift; path = ViewController.swift; sourceTree = "<group>"; };
		AD49BF892699A367005DAB7E /* Base */ = {isa = PBXFileReference; lastKnownFileType = file.storyboard; name = Base; path = Base.lproj/Main.storyboard; sourceTree = "<group>"; };
		AD49BF8B2699A367005DAB7E /* Assets.xcassets */ = {isa = PBXFileReference; lastKnownFileType = folder.assetcatalog; path = Assets.xcassets; sourceTree = "<group>"; };
		AD49BF8E2699A367005DAB7E /* Base */ = {isa = PBXFileReference; lastKnownFileType = file.storyboard; name = Base; path = Base.lproj/LaunchScreen.storyboard; sourceTree = "<group>"; };
		AD49BF902699A367005DAB7E /* Info.plist */ = {isa = PBXFileReference; lastKnownFileType = text.plist.xml; path = Info.plist; sourceTree = "<group>"; };
		AD49BF972699A617005DAB7E /* 03.png */ = {isa = PBXFileReference; lastKnownFileType = image.png; path = 03.png; sourceTree = "<group>"; };
		AD49BF982699A618005DAB7E /* 05.png */ = {isa = PBXFileReference; lastKnownFileType = image.png; path = 05.png; sourceTree = "<group>"; };
		AD49BF992699A618005DAB7E /* 06.png */ = {isa = PBXFileReference; lastKnownFileType = image.png; path = 06.png; sourceTree = "<group>"; };
		AD49BF9A2699A618005DAB7E /* 01.png */ = {isa = PBXFileReference; lastKnownFileType = image.png; path = 01.png; sourceTree = "<group>"; };
		AD49BF9B2699A618005DAB7E /* 04.png */ = {isa = PBXFileReference; lastKnownFileType = image.png; path = 04.png; sourceTree = "<group>"; };
		AD49BF9C2699A618005DAB7E /* 02.png */ = {isa = PBXFileReference; lastKnownFileType = image.png; path = 02.png; sourceTree = "<group>"; };
/* End PBXFileReference section */

/* Begin PBXFrameworksBuildPhase section */
		AD49BF7C2699A367005DAB7E /* Frameworks */ = {
			isa = PBXFrameworksBuildPhase;
			buildActionMask = 2147483647;
			files = (
			);
			runOnlyForDeploymentPostprocessing = 0;
		};
/* End PBXFrameworksBuildPhase section */

/* Begin PBXGroup section */
		AD49BF762699A367005DAB7E = {
			isa = PBXGroup;
			children = (
				AD49BF812699A367005DAB7E /* SwipeImageGallery */,
				AD49BF802699A367005DAB7E /* Products */,
			);
			sourceTree = "<group>";
		};
		AD49BF802699A367005DAB7E /* Products */ = {
			isa = PBXGroup;
			children = (
				AD49BF7F2699A367005DAB7E /* SwipeImageGallery.app */,
			);
			name = Products;
			sourceTree = "<group>";
		};
		AD49BF812699A367005DAB7E /* SwipeImageGallery */ = {
			isa = PBXGroup;
			children = (
				AD49BF962699A5FD005DAB7E /* images */,
				AD49BF822699A367005DAB7E /* AppDelegate.swift */,
				AD49BF842699A367005DAB7E /* SceneDelegate.swift */,
				AD49BF862699A367005DAB7E /* ViewController.swift */,
				AD49BF882699A367005DAB7E /* Main.storyboard */,
				AD49BF8B2699A367005DAB7E /* Assets.xcassets */,
				AD49BF8D2699A367005DAB7E /* LaunchScreen.storyboard */,
				AD49BF902699A367005DAB7E /* Info.plist */,
			);
			path = SwipeImageGallery;
			sourceTree = "<group>";
		};
		AD49BF962699A5FD005DAB7E /* images */ = {
			isa = PBXGroup;
			children = (
				AD49BF9A2699A618005DAB7E /* 01.png */,
				AD49BF9C2699A618005DAB7E /* 02.png */,
				AD49BF972699A617005DAB7E /* 03.png */,
				AD49BF9B2699A618005DAB7E /* 04.png */,
				AD49BF982699A618005DAB7E /* 05.png */,
				AD49BF992699A618005DAB7E /* 06.png */,
			);
			path = images;
			sourceTree = "<group>";
		};
/* End PBXGroup section */

/* Begin PBXNativeTarget section */
		AD49BF7E2699A367005DAB7E /* SwipeImageGallery */ = {
			isa = PBXNativeTarget;
			buildConfigurationList = AD49BF932699A367005DAB7E /* Build configuration list for PBXNativeTarget "SwipeImageGallery" */;
			buildPhases = (
				AD49BF7B2699A367005DAB7E /* Sources */,
				AD49BF7C2699A367005DAB7E /* Frameworks */,
				AD49BF7D2699A367005DAB7E /* Resources */,
			);
			buildRules = (
			);
			dependencies = (
			);
			name = SwipeImageGallery;
			productName = SwipeImageGallery;
			productReference = AD49BF7F2699A367005DAB7E /* SwipeImageGallery.app */;
			productType = "com.apple.product-type.application";
		};
/* End PBXNativeTarget section */

/* Begin PBXProject section */
		AD49BF772699A367005DAB7E /* Project object */ = {
			isa = PBXProject;
			attributes = {
				LastSwiftUpdateCheck = 1250;
				LastUpgradeCheck = 1250;
				TargetAttributes = {
					AD49BF7E2699A367005DAB7E = {
						CreatedOnToolsVersion = 12.5.1;
					};
				};
			};
			buildConfigurationList = AD49BF7A2699A367005DAB7E /* Build configuration list for PBXProject "SwipeImageGallery" */;
			compatibilityVersion = "Xcode 9.3";
			developmentRegion = en;
			hasScannedForEncodings = 0;
			knownRegions = (
				en,
				Base,
			);
			mainGroup = AD49BF762699A367005DAB7E;
			productRefGroup = AD49BF802699A367005DAB7E /* Products */;
			projectDirPath = "";
			projectRoot = "";
			targets = (
				AD49BF7E2699A367005DAB7E /* SwipeImageGallery */,
			);
		};
/* End PBXProject section */

/* Begin PBXResourcesBuildPhase section */
		AD49BF7D2699A367005DAB7E /* Resources */ = {
			isa = PBXResourcesBuildPhase;
			buildActionMask = 2147483647;
			files = (
				AD49BF9E2699A618005DAB7E /* 05.png in Resources */,
				AD49BF9F2699A618005DAB7E /* 06.png in Resources */,
				AD49BF9D2699A618005DAB7E /* 03.png in Resources */,
				AD49BF8F2699A367005DAB7E /* LaunchScreen.storyboard in Resources */,
				AD49BF8C2699A367005DAB7E /* Assets.xcassets in Resources */,
				AD49BFA12699A618005DAB7E /* 04.png in Resources */,
				AD49BF8A2699A367005DAB7E /* Main.storyboard in Resources */,
				AD49BFA02699A618005DAB7E /* 01.png in Resources */,
				AD49BFA22699A618005DAB7E /* 02.png in Resources */,
			);
			runOnlyForDeploymentPostprocessing = 0;
		};
/* End PBXResourcesBuildPhase section */

/* Begin PBXSourcesBuildPhase section */
		AD49BF7B2699A367005DAB7E /* Sources */ = {
			isa = PBXSourcesBuildPhase;
			buildActionMask = 2147483647;
			files = (
				AD49BF872699A367005DAB7E /* ViewController.swift in Sources */,
				AD49BF832699A367005DAB7E /* AppDelegate.swift in Sources */,
				AD49BF852699A367005DAB7E /* SceneDelegate.swift in Sources */,
			);
			runOnlyForDeploymentPostprocessing = 0;
		};
/* End PBXSourcesBuildPhase section */

/* Begin PBXVariantGroup section */
		AD49BF882699A367005DAB7E /* Main.storyboard */ = {
			isa = PBXVariantGroup;
			children = (
				AD49BF892699A367005DAB7E /* Base */,
			);
			name = Main.storyboard;
			sourceTree = "<group>";
		};
		AD49BF8D2699A367005DAB7E /* LaunchScreen.storyboard */ = {
			isa = PBXVariantGroup;
			children = (
				AD49BF8E2699A367005DAB7E /* Base */,
			);
			name = LaunchScreen.storyboard;
			sourceTree = "<group>";
		};
/* End PBXVariantGroup section */

/* Begin XCBuildConfiguration section */
		AD49BF912699A367005DAB7E /* Debug */ = {
			isa = XCBuildConfiguration;
			buildSettings = {
				ALWAYS_SEARCH_USER_PATHS = NO;
				CLANG_ANALYZER_NONNULL = YES;
				CLANG_ANALYZER_NUMBER_OBJECT_CONVERSION = YES_AGGRESSIVE;
				CLANG_CXX_LANGUAGE_STANDARD = "gnu++14";
				CLANG_CXX_LIBRARY = "libc++";
				CLANG_ENABLE_MODULES = YES;
				CLANG_ENABLE_OBJC_ARC = YES;
				CLANG_ENABLE_OBJC_WEAK = YES;
				CLANG_WARN_BLOCK_CAPTURE_AUTORELEASING = YES;
				CLANG_WARN_BOOL_CONVERSION = YES;
				CLANG_WARN_COMMA = YES;
				CLANG_WARN_CONSTANT_CONVERSION = YES;
				CLANG_WARN_DEPRECATED_OBJC_IMPLEMENTATIONS = YES;
				CLANG_WARN_DIRECT_OBJC_ISA_USAGE = YES_ERROR;
				CLANG_WARN_DOCUMENTATION_COMMENTS = YES;
				CLANG_WARN_EMPTY_BODY = YES;
				CLANG_WARN_ENUM_CONVERSION = YES;
				CLANG_WARN_INFINITE_RECURSION = YES;
				CLANG_WARN_INT_CONVERSION = YES;
				CLANG_WARN_NON_LITERAL_NULL_CONVERSION = YES;
				CLANG_WARN_OBJC_IMPLICIT_RETAIN_SELF = YES;
				CLANG_WARN_OBJC_LITERAL_CONVERSION = YES;
				CLANG_WARN_OBJC_ROOT_CLASS = YES_ERROR;
				CLANG_WARN_QUOTED_INCLUDE_IN_FRAMEWORK_HEADER = YES;
				CLANG_WARN_RANGE_LOOP_ANALYSIS = YES;
				CLANG_WARN_STRICT_PROTOTYPES = YES;
				CLANG_WARN_SUSPICIOUS_MOVE = YES;
				CLANG_WARN_UNGUARDED_AVAILABILITY = YES_AGGRESSIVE;
				CLANG_WARN_UNREACHABLE_CODE = YES;
				CLANG_WARN__DUPLICATE_METHOD_MATCH = YES;
				COPY_PHASE_STRIP = NO;
				DEBUG_INFORMATION_FORMAT = dwarf;
				ENABLE_STRICT_OBJC_MSGSEND = YES;
				ENABLE_TESTABILITY = YES;
				GCC_C_LANGUAGE_STANDARD = gnu11;
				GCC_DYNAMIC_NO_PIC = NO;
				GCC_NO_COMMON_BLOCKS = YES;
				GCC_OPTIMIZATION_LEVEL = 0;
				GCC_PREPROCESSOR_DEFINITIONS = (
					"DEBUG=1",
					"$(inherited)",
				);
				GCC_WARN_64_TO_32_BIT_CONVERSION = YES;
				GCC_WARN_ABOUT_RETURN_TYPE = YES_ERROR;
				GCC_WARN_UNDECLARED_SELECTOR = YES;
				GCC_WARN_UNINITIALIZED_AUTOS = YES_AGGRESSIVE;
				GCC_WARN_UNUSED_FUNCTION = YES;
				GCC_WARN_UNUSED_VARIABLE = YES;
				IPHONEOS_DEPLOYMENT_TARGET = 14.5;
				MTL_ENABLE_DEBUG_INFO = INCLUDE_SOURCE;
				MTL_FAST_MATH = YES;
				ONLY_ACTIVE_ARCH = YES;
				SDKROOT = iphoneos;
				SWIFT_ACTIVE_COMPILATION_CONDITIONS = DEBUG;
				SWIFT_OPTIMIZATION_LEVEL = "-Onone";
			};
			name = Debug;
		};
		AD49BF922699A367005DAB7E /* Release */ = {
			isa = XCBuildConfiguration;
			buildSettings = {
				ALWAYS_SEARCH_USER_PATHS = NO;
				CLANG_ANALYZER_NONNULL = YES;
				CLANG_ANALYZER_NUMBER_OBJECT_CONVERSION = YES_AGGRESSIVE;
				CLANG_CXX_LANGUAGE_STANDARD = "gnu++14";
				CLANG_CXX_LIBRARY = "libc++";
				CLANG_ENABLE_MODULES = YES;
				CLANG_ENABLE_OBJC_ARC = YES;
				CLANG_ENABLE_OBJC_WEAK = YES;
				CLANG_WARN_BLOCK_CAPTURE_AUTORELEASING = YES;
				CLANG_WARN_BOOL_CONVERSION = YES;
				CLANG_WARN_COMMA = YES;
				CLANG_WARN_CONSTANT_CONVERSION = YES;
				CLANG_WARN_DEPRECATED_OBJC_IMPLEMENTATIONS = YES;
				CLANG_WARN_DIRECT_OBJC_ISA_USAGE = YES_ERROR;
				CLANG_WARN_DOCUMENTATION_COMMENTS = YES;
				CLANG_WARN_EMPTY_BODY = YES;
				CLANG_WARN_ENUM_CONVERSION = YES;
				CLANG_WARN_INFINITE_RECURSION = YES;
				CLANG_WARN_INT_CONVERSION = YES;
				CLANG_WARN_NON_LITERAL_NULL_CONVERSION = YES;
				CLANG_WARN_OBJC_IMPLICIT_RETAIN_SELF = YES;
				CLANG_WARN_OBJC_LITERAL_CONVERSION = YES;
				CLANG_WARN_OBJC_ROOT_CLASS = YES_ERROR;
				CLANG_WARN_QUOTED_INCLUDE_IN_FRAMEWORK_HEADER = YES;
				CLANG_WARN_RANGE_LOOP_ANALYSIS = YES;
				CLANG_WARN_STRICT_PROTOTYPES = YES;
				CLANG_WARN_SUSPICIOUS_MOVE = YES;
				CLANG_WARN_UNGUARDED_AVAILABILITY = YES_AGGRESSIVE;
				CLANG_WARN_UNREACHABLE_CODE = YES;
				CLANG_WARN__DUPLICATE_METHOD_MATCH = YES;
				COPY_PHASE_STRIP = NO;
				DEBUG_INFORMATION_FORMAT = "dwarf-with-dsym";
				ENABLE_NS_ASSERTIONS = NO;
				ENABLE_STRICT_OBJC_MSGSEND = YES;
				GCC_C_LANGUAGE_STANDARD = gnu11;
				GCC_NO_COMMON_BLOCKS = YES;
				GCC_WARN_64_TO_32_BIT_CONVERSION = YES;
				GCC_WARN_ABOUT_RETURN_TYPE = YES_ERROR;
				GCC_WARN_UNDECLARED_SELECTOR = YES;
				GCC_WARN_UNINITIALIZED_AUTOS = YES_AGGRESSIVE;
				GCC_WARN_UNUSED_FUNCTION = YES;
				GCC_WARN_UNUSED_VARIABLE = YES;
				IPHONEOS_DEPLOYMENT_TARGET = 14.5;
				MTL_ENABLE_DEBUG_INFO = NO;
				MTL_FAST_MATH = YES;
				SDKROOT = iphoneos;
				SWIFT_COMPILATION_MODE = wholemodule;
				SWIFT_OPTIMIZATION_LEVEL = "-O";
				VALIDATE_PRODUCT = YES;
			};
			name = Release;
		};
		AD49BF942699A367005DAB7E /* Debug */ = {
			isa = XCBuildConfiguration;
			buildSettings = {
				ASSETCATALOG_COMPILER_APPICON_NAME = AppIcon;
				ASSETCATALOG_COMPILER_GLOBAL_ACCENT_COLOR_NAME = AccentColor;
				CODE_SIGN_STYLE = Automatic;
				DEVELOPMENT_TEAM = R6V3UCSNG3;
				INFOPLIST_FILE = SwipeImageGallery/Info.plist;
				LD_RUNPATH_SEARCH_PATHS = (
					"$(inherited)",
					"@executable_path/Frameworks",
				);
				PRODUCT_BUNDLE_IDENTIFIER = com.ycompany.SwipeImageGallery;
				PRODUCT_NAME = "$(TARGET_NAME)";
				SWIFT_VERSION = 5.0;
				TARGETED_DEVICE_FAMILY = "1,2";
			};
			name = Debug;
		};
		AD49BF952699A367005DAB7E /* Release */ = {
			isa = XCBuildConfiguration;
			buildSettings = {
				ASSETCATALOG_COMPILER_APPICON_NAME = AppIcon;
				ASSETCATALOG_COMPILER_GLOBAL_ACCENT_COLOR_NAME = AccentColor;
				CODE_SIGN_STYLE = Automatic;
				DEVELOPMENT_TEAM = R6V3UCSNG3;
				INFOPLIST_FILE = SwipeImageGallery/Info.plist;
				LD_RUNPATH_SEARCH_PATHS = (
					"$(inherited)",
					"@executable_path/Frameworks",
				);
				PRODUCT_BUNDLE_IDENTIFIER = com.ycompany.SwipeImageGallery;
				PRODUCT_NAME = "$(TARGET_NAME)";
				SWIFT_VERSION = 5.0;
				TARGETED_DEVICE_FAMILY = "1,2";
			};
			name = Release;
		};
/* End XCBuildConfiguration section */

/* Begin XCConfigurationList section */
		AD49BF7A2699A367005DAB7E /* Build configuration list for PBXProject "SwipeImageGallery" */ = {
			isa = XCConfigurationList;
			buildConfigurations = (
				AD49BF912699A367005DAB7E /* Debug */,
				AD49BF922699A367005DAB7E /* Release */,
			);
			defaultConfigurationIsVisible = 0;
			defaultConfigurationName = Release;
		};
		AD49BF932699A367005DAB7E /* Build configuration list for PBXNativeTarget "SwipeImageGallery" */ = {
			isa = XCConfigurationList;
			buildConfigurations = (
				AD49BF942699A367005DAB7E /* Debug */,
				AD49BF952699A367005DAB7E /* Release */,
			);
			defaultConfigurationIsVisible = 0;
			defaultConfigurationName = Release;
		};
/* End XCConfigurationList section */
	};
	rootObject = AD49BF772699A367005DAB7E /* Project object */;
}
